github.com/gookit/goutil v0.6.1 h1:EsaMR1QWxg61R8oBW7sbSHUxQzMZUKTDUEAKpsHUXJI=
github.com/gookit/goutil v0.6.1/go.mod h1:s2xa6+NP2nxI+h88TUAio7xROJzZaerEfkzJ0+lqvm4=
golang.org/x/sync v0.1.0 h1:wsuoTGHzEhffawBOhz5CYhcrV4IdKZbEyZjBMuTp12o=
golang.org/x/sync v0.1.0/go.mod h1:RxMgew5VJxzue5/jJTE5uejpjVlOe/izrB70Jof72aM=
golang.org/x/text v0.5.0 h1:OLmvp0KP+FVG99Ct/qFiL/Fhk4zp4QQnZ7b2U+5piUM=
golang.org/x/text v0.5.0/go.mod h1:mrYo+phRRbMaCq/xk9113O4dZlRixOauAjOtrjsXDZ8=
